{
  "name": "p-info-input",
  "version": "0.1.0",
  "lockfileVersion": 3,
  "requires": true,
  "packages": {
    "": {
      "name": "p-info-input",
      "version": "0.1.0",
      "hasInstallScript": true,
      "devDependencies": {
        "zengin-code": "^1.0.0-p20260630"
      }
    },
    "node_modules/zengin-code": {
      "version": "1.0.0-p20260630",
      "resolved": "https://registry.npmjs.org/zengin-code/-/zengin-code-1.0.0-p20260630.tgz",
      "integrity": "sha512-xSFasB8at201zWiEmJ5p8MYmm4VSvnITdgAk9m4ABSVbtm64zvS6pemBqtH2tYV5Tqa6OVX98C9/kcDMWrJp6g==",
      "dev": true,
      "license": "MIT"
    }
  }
}
